{
  "nodes": {
    "home-manager": {
      "inputs": {
        "nixpkgs": [
          "nixpkgs"
        ]
      },
      "locked": {
        "lastModified": 1785119570,
        "narHash": "sha256-Rgs2xKnGLFWQscxUaXX07oyZeuMDOHEbqDOsgliLFGM=",
        "owner": "nix-community",
        "repo": "home-manager",
        "rev": "d4fd24667c8cbef124bb70a20380cab75ec8474d",
        "type": "github"
      },
      "original": {
        "owner": "nix-community",
        "ref": "release-26.05",
        "repo": "home-manager",
        "type": "github"
      }
    },
    "neodot": {
      "flake": false,
      "locked": {
        "lastModified": 1786790780,
        "narHash": "sha256-z4rQ5ziVNBdtGYARF5pmAyigWWDNsZCuvUbrHpcggV4=",
        "owner": "418-teapot",
        "repo": "NeoDot",
        "rev": "47a5e9d61d320333a17b79d04876aa5b82047f4f",
        "type": "github"
      },
      "original": {
        "owner": "418-teapot",
        "repo": "NeoDot",
        "type": "github"
      }
    },
    "nixpkgs": {
      "locked": {
        "lastModified": 1786711500,
        "narHash": "sha256-mB6w7h+UsvxLf3PY6U3hSDVWCfmn2Q6VtSw5JugbeY0=",
        "rev": "02e08985a27c65ffd33d434eeb2e660a2e4dc84d",
        "type": "tarball",
        "url": "https://releases.nixos.org/nixos/26.05/nixos-26.05.7675.02e08985a27c/nixexprs.tar.xz"
      },
      "original": {
        "id": "nixpkgs",
        "ref": "nixos-26.05",
        "type": "indirect"
      }
    },
    "nixpkgs-unstable": {
      "locked": {
        "lastModified": 1786593342,
        "narHash": "sha256-NebGpEUD7MV7GWfUhDErp7imOKX2rFSUDtqkO5ryJ/o=",
        "rev": "6b5e5b7a6631f065bf6908986990b37d845f847f",
        "type": "tarball",
        "url": "https://releases.nixos.org/nixpkgs/nixpkgs-26.11pre1053303.6b5e5b7a6631/nixexprs.tar.xz"
      },
      "original": {
        "id": "nixpkgs",
        "ref": "nixpkgs-unstable",
        "type": "indirect"
      }
    },
    "paseo": {
      "inputs": {
        "nixpkgs": [
          "nixpkgs"
        ]
      },
      "locked": {
        "lastModified": 1786740392,
        "narHash": "sha256-ys61X3y9350jdIUsHHVCBBRVUx+E4lD7aFjPtEQvyDk=",
        "owner": "getpaseo",
        "repo": "paseo",
        "rev": "4748aad103bf3c4d4f23dacef37616450e490f4a",
        "type": "github"
      },
      "original": {
        "owner": "getpaseo",
        "repo": "paseo",
        "type": "github"
      }
    },
    "root": {
      "inputs": {
        "home-manager": "home-manager",
        "neodot": "neodot",
        "nixpkgs": "nixpkgs",
        "nixpkgs-unstable": "nixpkgs-unstable",
        "paseo": "paseo"
      }
    }
  },
  "root": "root",
  "version": 7
}
