{
  "nodes": {
    "home-manager": {
      "inputs": {
        "nixpkgs": [
          "nixpkgs"
        ]
      },
      "locked": {
        "lastModified": 1790996401,
        "narHash": "sha256-f+kOxEmOUnQazVAmGg0i8hzwgd1kX/geY+k/Dpheye8=",
        "owner": "nix-community",
        "repo": "home-manager",
        "rev": "db7d5e2332710f5abb088f6b5de927d7f9511b35",
        "type": "github"
      },
      "original": {
        "owner": "nix-community",
        "ref": "release-26.05",
        "repo": "home-manager",
        "type": "github"
      }
    },
    "neodot": {
      "flake": false,
      "locked": {
        "lastModified": 1791120901,
        "narHash": "sha256-GRZjSGG9cH2n3TSmRVTL0CH7fxky8L/kjRK1zlFkLCA=",
        "owner": "418-teapot",
        "repo": "NeoDot",
        "rev": "5079bdf37fa5f7508fb21835aaed691b4122c14b",
        "type": "github"
      },
      "original": {
        "owner": "418-teapot",
        "repo": "NeoDot",
        "type": "github"
      }
    },
    "nixpkgs": {
      "locked": {
        "lastModified": 1791143449,
        "narHash": "sha256-XvTu5S/TUsH4Jn9WRXSJfSxD7kHN4OzM/y+sKEzN8rU=",
        "rev": "0d9e9b832d03ac387417e16ce1febf73b2e631e1",
        "type": "tarball",
        "url": "https://releases.nixos.org/nixos/26.05/nixos-26.05.11216.0d9e9b832d03/nixexprs.tar.zst"
      },
      "original": {
        "id": "nixpkgs",
        "ref": "nixos-26.05",
        "type": "indirect"
      }
    },
    "nixpkgs-unstable": {
      "locked": {
        "lastModified": 1791011291,
        "narHash": "sha256-4ettaZ6zgjT1Zgjq6zrmIg87gBvLMvPJGA8u0BBTn6Y=",
        "rev": "73e728ddb6b7a12d18808f510813a13ee1fe4cce",
        "type": "tarball",
        "url": "https://releases.nixos.org/nixpkgs/nixpkgs-26.11pre1084597.73e728ddb6b7/nixexprs.tar.zst"
      },
      "original": {
        "id": "nixpkgs",
        "ref": "nixpkgs-unstable",
        "type": "indirect"
      }
    },
    "root": {
      "inputs": {
        "home-manager": "home-manager",
        "neodot": "neodot",
        "nixpkgs": "nixpkgs",
        "nixpkgs-unstable": "nixpkgs-unstable"
      }
    }
  },
  "root": "root",
  "version": 7
}
